<?xml version="1.0" encoding="utf-8"?>
<Project ToolsVersion="4.0" xmlns="http://schemas.microsoft.com/developer/msbuild/2003">
  <ItemGroup>
    <ClCompile Include="Audio.cpp" />
    <ClCompile Include="Body.cpp" />
    <ClCompile Include="Character.cpp" />
    <ClCompile Include="Clock.cpp" />
    <ClCompile Include="ConsistentConsole.cpp" />
    <ClCompile Include="debugFunc.cpp" />
    <ClCompile Include="FileManager.cpp" />
    <ClCompile Include="GameManager.cpp" />
    <ClCompile Include="Health.cpp" />
    <ClCompile Include="Hitbox.cpp" />
    <ClCompile Include="Main.cpp" />
    <ClCompile Include="Menu.cpp" />
    <ClCompile Include="Player.cpp" />
    <ClCompile Include="PrettyPrinting.cpp" />
    <ClCompile Include="Save.cpp" />
    <ClCompile Include="SaveManager.cpp" />
    <ClCompile Include="Scene0.cpp" />
    <ClCompile Include="scene_test.cpp" />
    <ClCompile Include="Textures.cpp" />
    <ClCompile Include="Timer.cpp" />
    <ClCompile Include="Weapons.cpp" />
    <ClCompile Include="Window.cpp" />
  </ItemGroup>
  <ItemGroup>
    <ClInclude Include="Audio.h" />
    <ClInclude Include="Body.h" />
    <ClInclude Include="Character.h" />
    <ClInclude Include="Clock.h" />
    <ClInclude Include="ConsistentConsole.h" />
    <ClInclude Include="debugFunc.h" />
    <ClInclude Include="FileManager.h" />
    <ClInclude Include="Health.h" />
    <ClInclude Include="Hitbox.h" />
    <ClInclude Include="Menu.h" />
    <ClInclude Include="Player.h" />
    <ClInclude Include="PrettyPrinting.h" />
    <ClInclude Include="Save.h" />
    <ClInclude Include="SaveManager.h" />
    <ClInclude Include="Scene0.h" />
    <ClInclude Include="Scene.h" />
    <ClInclude Include="GameManager.h" />
    <ClInclude Include="scene_list.h" />
    <ClInclude Include="scene_test.h" />
    <ClInclude Include="Textures.h" />
    <ClInclude Include="Timer.h" />
    <ClInclude Include="Vector.h" />
    <ClInclude Include="VMath.h" />
    <ClInclude Include="Weapons.h" />
    <ClInclude Include="Window.h" />
  </ItemGroup>
  <ItemGroup>
    <Text Include="README.txt" />
  </ItemGroup>
</Project>