<?xml version="1.0" encoding="utf-8"?>
<Project ToolsVersion="4.0" xmlns="http://schemas.microsoft.com/developer/msbuild/2003">
  <ItemGroup>
    <Filter Include="Source Files">
      <UniqueIdentifier>{4FC737F1-C7A5-4376-A066-2A32D752A2FF}</UniqueIdentifier>
      <Extensions>cpp;c;cc;cxx;c++;cppm;ixx;def;odl;idl;hpj;bat;asm;asmx</Extensions>
    </Filter>
    <Filter Include="Header Files">
      <UniqueIdentifier>{93995380-89BD-4b04-88EB-625FBE52EBFB}</UniqueIdentifier>
      <Extensions>h;hh;hpp;hxx;h++;hm;inl;inc;ipp;xsd</Extensions>
    </Filter>
    <Filter Include="Resource Files">
      <UniqueIdentifier>{67DA6AB6-F800-4c08-8B7A-83BB121AAD01}</UniqueIdentifier>
      <Extensions>rc;ico;cur;bmp;dlg;rc2;rct;bin;rgs;gif;jpg;jpeg;jpe;resx;tiff;tif;png;wav;mfcribbon-ms</Extensions>
    </Filter>
    <Filter Include="Header Files\Body">
      <UniqueIdentifier>{2046f0e3-1430-4f5e-a7f0-795a9048042c}</UniqueIdentifier>
    </Filter>
    <Filter Include="Source Files\Body">
      <UniqueIdentifier>{84cb1ac2-f69a-456d-afeb-b6291c3dc820}</UniqueIdentifier>
    </Filter>
    <Filter Include="Header Files\Scene">
      <UniqueIdentifier>{3c45b300-f971-4d57-a532-0ca8a80231e3}</UniqueIdentifier>
    </Filter>
    <Filter Include="Source Files\Scene">
      <UniqueIdentifier>{dbd00fc7-96ad-435c-a68b-62112fa9794a}</UniqueIdentifier>
    </Filter>
    <Filter Include="Header Files\Time">
      <UniqueIdentifier>{18232cef-bba1-45b3-ba52-1d3e7ed4582e}</UniqueIdentifier>
    </Filter>
    <Filter Include="Source Files\Time">
      <UniqueIdentifier>{c0ced8b6-79f9-48fa-8bff-d434c2b8ba23}</UniqueIdentifier>
    </Filter>
    <Filter Include="Header Files\Saving">
      <UniqueIdentifier>{7de7c66c-5ff4-4734-8499-e3fbd4aa3980}</UniqueIdentifier>
    </Filter>
    <Filter Include="Source Files\Saving">
      <UniqueIdentifier>{16219c27-37e4-4fca-9621-9aabc4a1a3a0}</UniqueIdentifier>
    </Filter>
    <Filter Include="Header Files\Visualization">
      <UniqueIdentifier>{e81debcb-365a-4f07-9e0c-d9d3988c3ba6}</UniqueIdentifier>
    </Filter>
    <Filter Include="Source Files\Visualization">
      <UniqueIdentifier>{4ace3d17-f637-4f62-962f-e40b966cc0c3}</UniqueIdentifier>
    </Filter>
    <Filter Include="Header Files\Misc">
      <UniqueIdentifier>{24596bf9-e7ef-420c-9089-382efa884ecb}</UniqueIdentifier>
    </Filter>
    <Filter Include="Source Files\Misc">
      <UniqueIdentifier>{07ad6976-5c36-4876-b38f-15c1694f2073}</UniqueIdentifier>
    </Filter>
    <Filter Include="Header Files\Math">
      <UniqueIdentifier>{9b61642b-8f4b-4f38-8843-5cc700767ac2}</UniqueIdentifier>
    </Filter>
  </ItemGroup>
  <ItemGroup>
    <ClCompile Include="Main.cpp">
      <Filter>Source Files</Filter>
    </ClCompile>
    <ClCompile Include="Level.cpp">
      <Filter>Source Files</Filter>
    </ClCompile>
    <ClCompile Include="Textures.cpp">
      <Filter>Source Files</Filter>
    </ClCompile>
    <ClCompile Include="Weapons.cpp">
      <Filter>Source Files</Filter>
    </ClCompile>
    <ClCompile Include="Menu.cpp">
      <Filter>Source Files</Filter>
    </ClCompile>
    <ClCompile Include="Body.cpp">
      <Filter>Source Files\Body</Filter>
    </ClCompile>
    <ClCompile Include="PlayerBody.cpp">
      <Filter>Source Files\Body</Filter>
    </ClCompile>
    <ClCompile Include="Scene1.cpp">
      <Filter>Source Files\Scene</Filter>
    </ClCompile>
    <ClCompile Include="Clock.cpp">
      <Filter>Source Files\Time</Filter>
    </ClCompile>
    <ClCompile Include="Save.cpp">
      <Filter>Source Files\Saving</Filter>
    </ClCompile>
    <ClCompile Include="SaveManager.cpp">
      <Filter>Source Files\Saving</Filter>
    </ClCompile>
    <ClCompile Include="FileManager.cpp">
      <Filter>Source Files\Saving</Filter>
    </ClCompile>
    <ClCompile Include="Window.cpp">
      <Filter>Source Files\Visualization</Filter>
    </ClCompile>
    <ClCompile Include="GameManager.cpp">
      <Filter>Source Files\Visualization</Filter>
    </ClCompile>
    <ClCompile Include="Timer.cpp">
      <Filter>Source Files\Visualization</Filter>
    </ClCompile>
    <ClCompile Include="Hitbox.cpp">
      <Filter>Source Files\Body</Filter>
    </ClCompile>
    <ClCompile Include="Health.cpp">
      <Filter>Source Files\Body</Filter>
    </ClCompile>
    <ClCompile Include="PrettyPrinting.cpp">
      <Filter>Source Files\Misc</Filter>
    </ClCompile>
    <ClCompile Include="debugFunc.cpp">
      <Filter>Source Files\Misc</Filter>
    </ClCompile>
    <ClCompile Include="ConsistentConsole.cpp">
      <Filter>Source Files\Misc</Filter>
    </ClCompile>
    <ClCompile Include="Audio.cpp">
      <Filter>Source Files</Filter>
    </ClCompile>
    <ClCompile Include="Scene2.cpp">
      <Filter>Source Files\Scene</Filter>
    </ClCompile>
  </ItemGroup>
  <ItemGroup>
    <ClInclude Include="Weapons.h">
      <Filter>Header Files</Filter>
    </ClInclude>
    <ClInclude Include="Level.h">
      <Filter>Header Files</Filter>
    </ClInclude>
    <ClInclude Include="Textures.h">
      <Filter>Header Files</Filter>
    </ClInclude>
    <ClInclude Include="Menu.h">
      <Filter>Header Files</Filter>
    </ClInclude>
    <ClInclude Include="Body.h">
      <Filter>Header Files\Body</Filter>
    </ClInclude>
    <ClInclude Include="PlayerBody.h">
      <Filter>Header Files\Body</Filter>
    </ClInclude>
    <ClInclude Include="Scene.h">
      <Filter>Header Files\Scene</Filter>
    </ClInclude>
    <ClInclude Include="scene_list.h">
      <Filter>Header Files\Scene</Filter>
    </ClInclude>
    <ClInclude Include="Scene1.h">
      <Filter>Header Files\Scene</Filter>
    </ClInclude>
    <ClInclude Include="Clock.h">
      <Filter>Header Files\Time</Filter>
    </ClInclude>
    <ClInclude Include="FileManager.h">
      <Filter>Header Files\Saving</Filter>
    </ClInclude>
    <ClInclude Include="Save.h">
      <Filter>Header Files\Saving</Filter>
    </ClInclude>
    <ClInclude Include="SaveManager.h">
      <Filter>Header Files\Saving</Filter>
    </ClInclude>
    <ClInclude Include="Window.h">
      <Filter>Header Files\Visualization</Filter>
    </ClInclude>
    <ClInclude Include="GameManager.h">
      <Filter>Header Files\Visualization</Filter>
    </ClInclude>
    <ClInclude Include="Timer.h">
      <Filter>Header Files\Visualization</Filter>
    </ClInclude>
    <ClInclude Include="Hitbox.h">
      <Filter>Header Files\Body</Filter>
    </ClInclude>
    <ClInclude Include="ConsistentConsole.h">
      <Filter>Header Files\Misc</Filter>
    </ClInclude>
    <ClInclude Include="debugFunc.h">
      <Filter>Header Files\Misc</Filter>
    </ClInclude>
    <ClInclude Include="PrettyPrinting.h">
      <Filter>Header Files\Misc</Filter>
    </ClInclude>
    <ClInclude Include="Health.h">
      <Filter>Header Files\Body</Filter>
    </ClInclude>
    <ClInclude Include="Audio.h">
      <Filter>Header Files</Filter>
    </ClInclude>
    <ClInclude Include="Scene2.h">
      <Filter>Header Files\Scene</Filter>
    </ClInclude>
    <ClInclude Include="VMath.h">
      <Filter>Header Files\Math</Filter>
    </ClInclude>
  </ItemGroup>
</Project>